
Microsoft Visual Studio Solution File, Format Version 12.00
# Visual Studio Version 17
VisualStudioVersion = 17.5.002.0
MinimumVisualStudioVersion = 10.0.40219.1
Project("{9A19103F-16F7-4668-BE54-9A1E7A4F7556}") = "Task_Abstract_Trans", "Task_Abstract_Trans.csproj", "{3C8A3BAE-EF9A-4000-BFAA-A66D254090A0}"
EndProject
Global
	GlobalSection(SolutionConfigurationPlatforms) = preSolution
		Debug|Any CPU = Debug|Any CPU
		Release|Any CPU = Release|Any CPU
	EndGlobalSection
	GlobalSection(ProjectConfigurationPlatforms) = postSolution
		{3C8A3BAE-EF9A-4000-BFAA-A66D254090A0}.Debug|Any CPU.ActiveCfg = Debug|Any CPU
		{3C8A3BAE-EF9A-4000-BFAA-A66D254090A0}.Debug|Any CPU.Build.0 = Debug|Any CPU
		{3C8A3BAE-EF9A-4000-BFAA-A66D254090A0}.Release|Any CPU.ActiveCfg = Release|Any CPU
		{3C8A3BAE-EF9A-4000-BFAA-A66D254090A0}.Release|Any CPU.Build.0 = Release|Any CPU
	EndGlobalSection
	GlobalSection(SolutionProperties) = preSolution
		HideSolutionNode = FALSE
	EndGlobalSection
	GlobalSection(ExtensibilityGlobals) = postSolution
		SolutionGuid = {2802B39E-D424-47DF-BC04-B7A3E5FC9E58}
	EndGlobalSection
EndGlobal
